
Microsoft Visual Studio Solution File, Format Version 12.00
Project("{FAE04EC0-301F-11D3-BF4B-00C04F79EFBC}") = "MqttEventBus", "MqttEventBus\MqttEventBus.csproj", "{C72D839B-986B-4CAB-8B88-F0FD5E226663}"
EndProject
Project("{FAE04EC0-301F-11D3-BF4B-00C04F79EFBC}") = "MqttHub.Api", "MqttHub.Api\MqttHub.Api.csproj", "{55CB2EB5-0E93-489C-ABD8-1E02E70FAEA8}"
EndProject
Global
	GlobalSection(SolutionConfigurationPlatforms) = preSolution
		Debug|Any CPU = Debug|Any CPU
		Release|Any CPU = Release|Any CPU
	EndGlobalSection
	GlobalSection(ProjectConfigurationPlatforms) = postSolution
		{C72D839B-986B-4CAB-8B88-F0FD5E226663}.Debug|Any CPU.ActiveCfg = Debug|Any CPU
		{C72D839B-986B-4CAB-8B88-F0FD5E226663}.Debug|Any CPU.Build.0 = Debug|Any CPU
		{C72D839B-986B-4CAB-8B88-F0FD5E226663}.Release|Any CPU.ActiveCfg = Release|Any CPU
		{C72D839B-986B-4CAB-8B88-F0FD5E226663}.Release|Any CPU.Build.0 = Release|Any CPU
		{55CB2EB5-0E93-489C-ABD8-1E02E70FAEA8}.Debug|Any CPU.ActiveCfg = Debug|Any CPU
		{55CB2EB5-0E93-489C-ABD8-1E02E70FAEA8}.Debug|Any CPU.Build.0 = Debug|Any CPU
		{55CB2EB5-0E93-489C-ABD8-1E02E70FAEA8}.Release|Any CPU.ActiveCfg = Release|Any CPU
		{55CB2EB5-0E93-489C-ABD8-1E02E70FAEA8}.Release|Any CPU.Build.0 = Release|Any CPU
	EndGlobalSection
EndGlobal
